
Microsoft Visual Studio Solution File, Format Version 11.00
# Visual Studio 2010
Project("{FAE04EC0-301F-11D3-BF4B-00C04F79EFBC}") = "Encrypto.Core.Patcher", "Encrypto.Core.Patcher\Encrypto.Core.Patcher.csproj", "{AFD2834A-73E8-4E77-9E13-91182FAE525A}"
EndProject
Global
	GlobalSection(SolutionConfigurationPlatforms) = preSolution
		Debug|x86 = Debug|x86
		Release|x86 = Release|x86
	EndGlobalSection
	GlobalSection(ProjectConfigurationPlatforms) = postSolution
		{AFD2834A-73E8-4E77-9E13-91182FAE525A}.Debug|x86.ActiveCfg = Debug|x86
		{AFD2834A-73E8-4E77-9E13-91182FAE525A}.Debug|x86.Build.0 = Debug|x86
		{AFD2834A-73E8-4E77-9E13-91182FAE525A}.Release|x86.ActiveCfg = Release|x86
		{AFD2834A-73E8-4E77-9E13-91182FAE525A}.Release|x86.Build.0 = Release|x86
	EndGlobalSection
EndGlobal
